
Microsoft Visual Studio Solution File, Format Version 12.00
# Visual Studio Version 17
VisualStudioVersion = 17.0.31903.59
MinimumVisualStudioVersion = 10.0.40219.1
Project("{2150E333-8FDC-42A3-9474-1A3956D46DE8}") = "src", "src", "{827E0CD3-B72D-47B6-A68D-7590B98EB39B}"
EndProject
Project("{FAE04EC0-301F-11D3-BF4B-00C04F79EFBC}") = "NativeMedia.Avalonia", "src\NativeMedia.Avalonia\NativeMedia.Avalonia.csproj", "{E1A7CF68-A6F1-4E22-BA06-10E5273FAE12}"
EndProject
Project("{FAE04EC0-301F-11D3-BF4B-00C04F79EFBC}") = "NativeMedia.Avalonia.Windows", "src\NativeMedia.Avalonia.Windows\NativeMedia.Avalonia.Windows.csproj", "{7E64C8D2-0B3B-4F00-980D-4926B9278891}"
EndProject
Project("{FAE04EC0-301F-11D3-BF4B-00C04F79EFBC}") = "NativeMedia.Avalonia.Linux", "src\NativeMedia.Avalonia.Linux\NativeMedia.Avalonia.Linux.csproj", "{77823ABD-73FC-4569-9371-96D9126B1EE4}"
EndProject
Project("{FAE04EC0-301F-11D3-BF4B-00C04F79EFBC}") = "NativeMedia.Avalonia.macOS", "src\NativeMedia.Avalonia.macOS\NativeMedia.Avalonia.macOS.csproj", "{C763D79F-3A17-4591-9174-6D020397C39E}"
EndProject
Project("{2150E333-8FDC-42A3-9474-1A3956D46DE8}") = "samples", "samples", "{5D20AA90-6969-D8BD-9DCD-8634F4692FDA}"
EndProject
Project("{FAE04EC0-301F-11D3-BF4B-00C04F79EFBC}") = "NativeMedia.Avalonia.Demo", "samples\NativeMedia.Avalonia.Demo\NativeMedia.Avalonia.Demo.csproj", "{0DBCD423-1FCA-49D2-BEF2-5C1C60ACC723}"
EndProject
Project("{2150E333-8FDC-42A3-9474-1A3956D46DE8}") = "tests", "tests", "{0AB3BF05-4346-4AA6-1389-037BE0695223}"
EndProject
Project("{FAE04EC0-301F-11D3-BF4B-00C04F79EFBC}") = "NativeMedia.Avalonia.Tests", "tests\NativeMedia.Avalonia.Tests\NativeMedia.Avalonia.Tests.csproj", "{36DEF2AD-B3ED-4415-9BA8-D833C207E1DD}"
EndProject
Project("{FAE04EC0-301F-11D3-BF4B-00C04F79EFBC}") = "NativeMedia.Avalonia.AotSmoke", "tests\NativeMedia.Avalonia.AotSmoke\NativeMedia.Avalonia.AotSmoke.csproj", "{F9889F31-C114-4089-A780-E0C103DE8DCF}"
EndProject
Project("{FAE04EC0-301F-11D3-BF4B-00C04F79EFBC}") = "NativeMedia.Avalonia.LinuxSmoke", "tests\NativeMedia.Avalonia.LinuxSmoke\NativeMedia.Avalonia.LinuxSmoke.csproj", "{A40AB205-B210-444C-A1D8-95C49003B2CE}"
EndProject
Project("{FAE04EC0-301F-11D3-BF4B-00C04F79EFBC}") = "NativeMedia.Avalonia.macOSSmoke", "tests\NativeMedia.Avalonia.macOSSmoke\NativeMedia.Avalonia.macOSSmoke.csproj", "{847046B5-EF34-485F-84E6-AA1004561D32}"
EndProject
Global
	GlobalSection(SolutionConfigurationPlatforms) = preSolution
		Debug|Any CPU = Debug|Any CPU
		Debug|x64 = Debug|x64
		Debug|x86 = Debug|x86
		Release|Any CPU = Release|Any CPU
		Release|x64 = Release|x64
		Release|x86 = Release|x86
	EndGlobalSection
	GlobalSection(ProjectConfigurationPlatforms) = postSolution
		{E1A7CF68-A6F1-4E22-BA06-10E5273FAE12}.Debug|Any CPU.ActiveCfg = Debug|Any CPU
		{E1A7CF68-A6F1-4E22-BA06-10E5273FAE12}.Debug|Any CPU.Build.0 = Debug|Any CPU
		{E1A7CF68-A6F1-4E22-BA06-10E5273FAE12}.Debug|x64.ActiveCfg = Debug|Any CPU
		{E1A7CF68-A6F1-4E22-BA06-10E5273FAE12}.Debug|x64.Build.0 = Debug|Any CPU
		{E1A7CF68-A6F1-4E22-BA06-10E5273FAE12}.Debug|x86.ActiveCfg = Debug|Any CPU
		{E1A7CF68-A6F1-4E22-BA06-10E5273FAE12}.Debug|x86.Build.0 = Debug|Any CPU
		{E1A7CF68-A6F1-4E22-BA06-10E5273FAE12}.Release|Any CPU.ActiveCfg = Release|Any CPU
		{E1A7CF68-A6F1-4E22-BA06-10E5273FAE12}.Release|Any CPU.Build.0 = Release|Any CPU
		{E1A7CF68-A6F1-4E22-BA06-10E5273FAE12}.Release|x64.ActiveCfg = Release|Any CPU
		{E1A7CF68-A6F1-4E22-BA06-10E5273FAE12}.Release|x64.Build.0 = Release|Any CPU
		{E1A7CF68-A6F1-4E22-BA06-10E5273FAE12}.Release|x86.ActiveCfg = Release|Any CPU
		{E1A7CF68-A6F1-4E22-BA06-10E5273FAE12}.Release|x86.Build.0 = Release|Any CPU
		{7E64C8D2-0B3B-4F00-980D-4926B9278891}.Debug|Any CPU.ActiveCfg = Debug|Any CPU
		{7E64C8D2-0B3B-4F00-980D-4926B9278891}.Debug|Any CPU.Build.0 = Debug|Any CPU
		{7E64C8D2-0B3B-4F00-980D-4926B9278891}.Debug|x64.ActiveCfg = Debug|Any CPU
		{7E64C8D2-0B3B-4F00-980D-4926B9278891}.Debug|x64.Build.0 = Debug|Any CPU
		{7E64C8D2-0B3B-4F00-980D-4926B9278891}.Debug|x86.ActiveCfg = Debug|Any CPU
		{7E64C8D2-0B3B-4F00-980D-4926B9278891}.Debug|x86.Build.0 = Debug|Any CPU
		{7E64C8D2-0B3B-4F00-980D-4926B9278891}.Release|Any CPU.ActiveCfg = Release|Any CPU
		{7E64C8D2-0B3B-4F00-980D-4926B9278891}.Release|Any CPU.Build.0 = Release|Any CPU
		{7E64C8D2-0B3B-4F00-980D-4926B9278891}.Release|x64.ActiveCfg = Release|Any CPU
		{7E64C8D2-0B3B-4F00-980D-4926B9278891}.Release|x64.Build.0 = Release|Any CPU
		{7E64C8D2-0B3B-4F00-980D-4926B9278891}.Release|x86.ActiveCfg = Release|Any CPU
		{7E64C8D2-0B3B-4F00-980D-4926B9278891}.Release|x86.Build.0 = Release|Any CPU
		{77823ABD-73FC-4569-9371-96D9126B1EE4}.Debug|Any CPU.ActiveCfg = Debug|Any CPU
		{77823ABD-73FC-4569-9371-96D9126B1EE4}.Debug|Any CPU.Build.0 = Debug|Any CPU
		{77823ABD-73FC-4569-9371-96D9126B1EE4}.Debug|x64.ActiveCfg = Debug|Any CPU
		{77823ABD-73FC-4569-9371-96D9126B1EE4}.Debug|x64.Build.0 = Debug|Any CPU
		{77823ABD-73FC-4569-9371-96D9126B1EE4}.Debug|x86.ActiveCfg = Debug|Any CPU
		{77823ABD-73FC-4569-9371-96D9126B1EE4}.Debug|x86.Build.0 = Debug|Any CPU
		{77823ABD-73FC-4569-9371-96D9126B1EE4}.Release|Any CPU.ActiveCfg = Release|Any CPU
		{77823ABD-73FC-4569-9371-96D9126B1EE4}.Release|Any CPU.Build.0 = Release|Any CPU
		{77823ABD-73FC-4569-9371-96D9126B1EE4}.Release|x64.ActiveCfg = Release|Any CPU
		{77823ABD-73FC-4569-9371-96D9126B1EE4}.Release|x64.Build.0 = Release|Any CPU
		{77823ABD-73FC-4569-9371-96D9126B1EE4}.Release|x86.ActiveCfg = Release|Any CPU
		{77823ABD-73FC-4569-9371-96D9126B1EE4}.Release|x86.Build.0 = Release|Any CPU
		{C763D79F-3A17-4591-9174-6D020397C39E}.Debug|Any CPU.ActiveCfg = Debug|Any CPU
		{C763D79F-3A17-4591-9174-6D020397C39E}.Debug|Any CPU.Build.0 = Debug|Any CPU
		{C763D79F-3A17-4591-9174-6D020397C39E}.Debug|x64.ActiveCfg = Debug|Any CPU
		{C763D79F-3A17-4591-9174-6D020397C39E}.Debug|x64.Build.0 = Debug|Any CPU
		{C763D79F-3A17-4591-9174-6D020397C39E}.Debug|x86.ActiveCfg = Debug|Any CPU
		{C763D79F-3A17-4591-9174-6D020397C39E}.Debug|x86.Build.0 = Debug|Any CPU
		{C763D79F-3A17-4591-9174-6D020397C39E}.Release|Any CPU.ActiveCfg = Release|Any CPU
		{C763D79F-3A17-4591-9174-6D020397C39E}.Release|Any CPU.Build.0 = Release|Any CPU
		{C763D79F-3A17-4591-9174-6D020397C39E}.Release|x64.ActiveCfg = Release|Any CPU
		{C763D79F-3A17-4591-9174-6D020397C39E}.Release|x64.Build.0 = Release|Any CPU
		{C763D79F-3A17-4591-9174-6D020397C39E}.Release|x86.ActiveCfg = Release|Any CPU
		{C763D79F-3A17-4591-9174-6D020397C39E}.Release|x86.Build.0 = Release|Any CPU
		{0DBCD423-1FCA-49D2-BEF2-5C1C60ACC723}.Debug|Any CPU.ActiveCfg = Debug|Any CPU
		{0DBCD423-1FCA-49D2-BEF2-5C1C60ACC723}.Debug|Any CPU.Build.0 = Debug|Any CPU
		{0DBCD423-1FCA-49D2-BEF2-5C1C60ACC723}.Debug|x64.ActiveCfg = Debug|Any CPU
		{0DBCD423-1FCA-49D2-BEF2-5C1C60ACC723}.Debug|x64.Build.0 = Debug|Any CPU
		{0DBCD423-1FCA-49D2-BEF2-5C1C60ACC723}.Debug|x86.ActiveCfg = Debug|Any CPU
		{0DBCD423-1FCA-49D2-BEF2-5C1C60ACC723}.Debug|x86.Build.0 = Debug|Any CPU
		{0DBCD423-1FCA-49D2-BEF2-5C1C60ACC723}.Release|Any CPU.ActiveCfg = Release|Any CPU
		{0DBCD423-1FCA-49D2-BEF2-5C1C60ACC723}.Release|Any CPU.Build.0 = Release|Any CPU
		{0DBCD423-1FCA-49D2-BEF2-5C1C60ACC723}.Release|x64.ActiveCfg = Release|Any CPU
		{0DBCD423-1FCA-49D2-BEF2-5C1C60ACC723}.Release|x64.Build.0 = Release|Any CPU
		{0DBCD423-1FCA-49D2-BEF2-5C1C60ACC723}.Release|x86.ActiveCfg = Release|Any CPU
		{0DBCD423-1FCA-49D2-BEF2-5C1C60ACC723}.Release|x86.Build.0 = Release|Any CPU
		{36DEF2AD-B3ED-4415-9BA8-D833C207E1DD}.Debug|Any CPU.ActiveCfg = Debug|Any CPU
		{36DEF2AD-B3ED-4415-9BA8-D833C207E1DD}.Debug|Any CPU.Build.0 = Debug|Any CPU
		{36DEF2AD-B3ED-4415-9BA8-D833C207E1DD}.Debug|x64.ActiveCfg = Debug|Any CPU
		{36DEF2AD-B3ED-4415-9BA8-D833C207E1DD}.Debug|x64.Build.0 = Debug|Any CPU
		{36DEF2AD-B3ED-4415-9BA8-D833C207E1DD}.Debug|x86.ActiveCfg = Debug|Any CPU
		{36DEF2AD-B3ED-4415-9BA8-D833C207E1DD}.Debug|x86.Build.0 = Debug|Any CPU
		{36DEF2AD-B3ED-4415-9BA8-D833C207E1DD}.Release|Any CPU.ActiveCfg = Release|Any CPU
		{36DEF2AD-B3ED-4415-9BA8-D833C207E1DD}.Release|Any CPU.Build.0 = Release|Any CPU
		{36DEF2AD-B3ED-4415-9BA8-D833C207E1DD}.Release|x64.ActiveCfg = Release|Any CPU
		{36DEF2AD-B3ED-4415-9BA8-D833C207E1DD}.Release|x64.Build.0 = Release|Any CPU
		{36DEF2AD-B3ED-4415-9BA8-D833C207E1DD}.Release|x86.ActiveCfg = Release|Any CPU
		{36DEF2AD-B3ED-4415-9BA8-D833C207E1DD}.Release|x86.Build.0 = Release|Any CPU
		{F9889F31-C114-4089-A780-E0C103DE8DCF}.Debug|Any CPU.ActiveCfg = Debug|Any CPU
		{F9889F31-C114-4089-A780-E0C103DE8DCF}.Debug|Any CPU.Build.0 = Debug|Any CPU
		{F9889F31-C114-4089-A780-E0C103DE8DCF}.Debug|x64.ActiveCfg = Debug|Any CPU
		{F9889F31-C114-4089-A780-E0C103DE8DCF}.Debug|x64.Build.0 = Debug|Any CPU
		{F9889F31-C114-4089-A780-E0C103DE8DCF}.Debug|x86.ActiveCfg = Debug|Any CPU
		{F9889F31-C114-4089-A780-E0C103DE8DCF}.Debug|x86.Build.0 = Debug|Any CPU
		{F9889F31-C114-4089-A780-E0C103DE8DCF}.Release|Any CPU.ActiveCfg = Release|Any CPU
		{F9889F31-C114-4089-A780-E0C103DE8DCF}.Release|Any CPU.Build.0 = Release|Any CPU
		{F9889F31-C114-4089-A780-E0C103DE8DCF}.Release|x64.ActiveCfg = Release|Any CPU
		{F9889F31-C114-4089-A780-E0C103DE8DCF}.Release|x64.Build.0 = Release|Any CPU
		{F9889F31-C114-4089-A780-E0C103DE8DCF}.Release|x86.ActiveCfg = Release|Any CPU
		{F9889F31-C114-4089-A780-E0C103DE8DCF}.Release|x86.Build.0 = Release|Any CPU
		{A40AB205-B210-444C-A1D8-95C49003B2CE}.Debug|Any CPU.ActiveCfg = Debug|Any CPU
		{A40AB205-B210-444C-A1D8-95C49003B2CE}.Debug|Any CPU.Build.0 = Debug|Any CPU
		{A40AB205-B210-444C-A1D8-95C49003B2CE}.Debug|x64.ActiveCfg = Debug|Any CPU
		{A40AB205-B210-444C-A1D8-95C49003B2CE}.Debug|x64.Build.0 = Debug|Any CPU
		{A40AB205-B210-444C-A1D8-95C49003B2CE}.Debug|x86.ActiveCfg = Debug|Any CPU
		{A40AB205-B210-444C-A1D8-95C49003B2CE}.Debug|x86.Build.0 = Debug|Any CPU
		{A40AB205-B210-444C-A1D8-95C49003B2CE}.Release|Any CPU.ActiveCfg = Release|Any CPU
		{A40AB205-B210-444C-A1D8-95C49003B2CE}.Release|Any CPU.Build.0 = Release|Any CPU
		{A40AB205-B210-444C-A1D8-95C49003B2CE}.Release|x64.ActiveCfg = Release|Any CPU
		{A40AB205-B210-444C-A1D8-95C49003B2CE}.Release|x64.Build.0 = Release|Any CPU
		{A40AB205-B210-444C-A1D8-95C49003B2CE}.Release|x86.ActiveCfg = Release|Any CPU
		{A40AB205-B210-444C-A1D8-95C49003B2CE}.Release|x86.Build.0 = Release|Any CPU
		{847046B5-EF34-485F-84E6-AA1004561D32}.Debug|Any CPU.ActiveCfg = Debug|Any CPU
		{847046B5-EF34-485F-84E6-AA1004561D32}.Debug|Any CPU.Build.0 = Debug|Any CPU
		{847046B5-EF34-485F-84E6-AA1004561D32}.Debug|x64.ActiveCfg = Debug|Any CPU
		{847046B5-EF34-485F-84E6-AA1004561D32}.Debug|x64.Build.0 = Debug|Any CPU
		{847046B5-EF34-485F-84E6-AA1004561D32}.Debug|x86.ActiveCfg = Debug|Any CPU
		{847046B5-EF34-485F-84E6-AA1004561D32}.Debug|x86.Build.0 = Debug|Any CPU
		{847046B5-EF34-485F-84E6-AA1004561D32}.Release|Any CPU.ActiveCfg = Release|Any CPU
		{847046B5-EF34-485F-84E6-AA1004561D32}.Release|Any CPU.Build.0 = Release|Any CPU
		{847046B5-EF34-485F-84E6-AA1004561D32}.Release|x64.ActiveCfg = Release|Any CPU
		{847046B5-EF34-485F-84E6-AA1004561D32}.Release|x64.Build.0 = Release|Any CPU
		{847046B5-EF34-485F-84E6-AA1004561D32}.Release|x86.ActiveCfg = Release|Any CPU
		{847046B5-EF34-485F-84E6-AA1004561D32}.Release|x86.Build.0 = Release|Any CPU
	EndGlobalSection
	GlobalSection(SolutionProperties) = preSolution
		HideSolutionNode = FALSE
	EndGlobalSection
	GlobalSection(NestedProjects) = preSolution
		{E1A7CF68-A6F1-4E22-BA06-10E5273FAE12} = {827E0CD3-B72D-47B6-A68D-7590B98EB39B}
		{7E64C8D2-0B3B-4F00-980D-4926B9278891} = {827E0CD3-B72D-47B6-A68D-7590B98EB39B}
		{77823ABD-73FC-4569-9371-96D9126B1EE4} = {827E0CD3-B72D-47B6-A68D-7590B98EB39B}
		{C763D79F-3A17-4591-9174-6D020397C39E} = {827E0CD3-B72D-47B6-A68D-7590B98EB39B}
		{0DBCD423-1FCA-49D2-BEF2-5C1C60ACC723} = {5D20AA90-6969-D8BD-9DCD-8634F4692FDA}
		{36DEF2AD-B3ED-4415-9BA8-D833C207E1DD} = {0AB3BF05-4346-4AA6-1389-037BE0695223}
		{F9889F31-C114-4089-A780-E0C103DE8DCF} = {0AB3BF05-4346-4AA6-1389-037BE0695223}
		{A40AB205-B210-444C-A1D8-95C49003B2CE} = {0AB3BF05-4346-4AA6-1389-037BE0695223}
		{847046B5-EF34-485F-84E6-AA1004561D32} = {0AB3BF05-4346-4AA6-1389-037BE0695223}
	EndGlobalSection
EndGlobal
